
Microsoft Visual Studio Solution File, Format Version 12.00
# Visual Studio Version 16
VisualStudioVersion = 16.0.29424.173
MinimumVisualStudioVersion = 10.0.40219.1
Project("{9092AA53-FB77-4645-B42D-1CCCA6BD08BD}") = "ExpressApp1", "ExpressApp1\ExpressApp1.njsproj", "{CBCE22FA-6669-44A0-A803-ADC289A465FA}"
EndProject
Global
	GlobalSection(SolutionConfigurationPlatforms) = preSolution
		Debug|Any CPU = Debug|Any CPU
		Release|Any CPU = Release|Any CPU
	EndGlobalSection
	GlobalSection(ProjectConfigurationPlatforms) = postSolution
		{CBCE22FA-6669-44A0-A803-ADC289A465FA}.Debug|Any CPU.ActiveCfg = Debug|Any CPU
		{CBCE22FA-6669-44A0-A803-ADC289A465FA}.Debug|Any CPU.Build.0 = Debug|Any CPU
		{CBCE22FA-6669-44A0-A803-ADC289A465FA}.Release|Any CPU.ActiveCfg = Release|Any CPU
		{CBCE22FA-6669-44A0-A803-ADC289A465FA}.Release|Any CPU.Build.0 = Release|Any CPU
	EndGlobalSection
	GlobalSection(SolutionProperties) = preSolution
		HideSolutionNode = FALSE
	EndGlobalSection
	GlobalSection(ExtensibilityGlobals) = postSolution
		SolutionGuid = {C421DFFF-8AB7-4E03-9B08-075F5C7EBA64}
	EndGlobalSection
EndGlobal
